
Microsoft Visual Studio Solution File, Format Version 12.00
# Visual Studio Version 17
VisualStudioVersion = 17.9.34723.18
MinimumVisualStudioVersion = 10.0.40219.1
Project("{8BC9CEB8-8B4A-11D0-8D11-00A0C91BC942}") = "Process Ghosting", "Process Ghosting\Process Ghosting.vcxproj", "{17C25F3A-8AA4-40FF-BA4F-F0C177B8FEDE}"
EndProject
Global
	GlobalSection(SolutionConfigurationPlatforms) = preSolution
		Debug|x64 = Debug|x64
		Debug|x86 = Debug|x86
		Release|x64 = Release|x64
		Release|x86 = Release|x86
	EndGlobalSection
	GlobalSection(ProjectConfigurationPlatforms) = postSolution
		{17C25F3A-8AA4-40FF-BA4F-F0C177B8FEDE}.Debug|x64.ActiveCfg = Debug|x64
		{17C25F3A-8AA4-40FF-BA4F-F0C177B8FEDE}.Debug|x64.Build.0 = Debug|x64
		{17C25F3A-8AA4-40FF-BA4F-F0C177B8FEDE}.Debug|x86.ActiveCfg = Debug|Win32
		{17C25F3A-8AA4-40FF-BA4F-F0C177B8FEDE}.Debug|x86.Build.0 = Debug|Win32
		{17C25F3A-8AA4-40FF-BA4F-F0C177B8FEDE}.Release|x64.ActiveCfg = Release|x64
		{17C25F3A-8AA4-40FF-BA4F-F0C177B8FEDE}.Release|x64.Build.0 = Release|x64
		{17C25F3A-8AA4-40FF-BA4F-F0C177B8FEDE}.Release|x86.ActiveCfg = Release|Win32
		{17C25F3A-8AA4-40FF-BA4F-F0C177B8FEDE}.Release|x86.Build.0 = Release|Win32
	EndGlobalSection
	GlobalSection(SolutionProperties) = preSolution
		HideSolutionNode = FALSE
	EndGlobalSection
	GlobalSection(ExtensibilityGlobals) = postSolution
		SolutionGuid = {3F853ADB-380B-4DA5-974F-20A4AF1FA295}
	EndGlobalSection
EndGlobal
